
Microsoft Visual Studio Solution File, Format Version 12.00
# Visual Studio Version 16
VisualStudioVersion = 16.0.31613.86
MinimumVisualStudioVersion = 10.0.40219.1
Project("{FAE04EC0-301F-11D3-BF4B-00C04F79EFBC}") = "PSFUpdateUtility", "PSFUpdateUtility.csproj", "{B42E6A18-A4E9-47D1-B86F-66DBBE236FFE}"
EndProject
Global
	GlobalSection(SolutionConfigurationPlatforms) = preSolution
		Debug|Any CPU = Debug|Any CPU
		Release|Any CPU = Release|Any CPU
	EndGlobalSection
	GlobalSection(ProjectConfigurationPlatforms) = postSolution
		{B42E6A18-A4E9-47D1-B86F-66DBBE236FFE}.Debug|Any CPU.ActiveCfg = Debug|Any CPU
		{B42E6A18-A4E9-47D1-B86F-66DBBE236FFE}.Debug|Any CPU.Build.0 = Debug|Any CPU
		{B42E6A18-A4E9-47D1-B86F-66DBBE236FFE}.Release|Any CPU.ActiveCfg = Release|Any CPU
		{B42E6A18-A4E9-47D1-B86F-66DBBE236FFE}.Release|Any CPU.Build.0 = Release|Any CPU
	EndGlobalSection
	GlobalSection(SolutionProperties) = preSolution
		HideSolutionNode = FALSE
	EndGlobalSection
	GlobalSection(ExtensibilityGlobals) = postSolution
		SolutionGuid = {626C2744-D069-40A4-8353-62A31B31C5CD}
	EndGlobalSection
EndGlobal
